
Microsoft Visual Studio Solution File, Format Version 12.00
# Visual Studio Version 16
VisualStudioVersion = 16.0.32126.315
MinimumVisualStudioVersion = 10.0.40219.1
Project("{9A19103F-16F7-4668-BE54-9A1E7A4F7556}") = "Admin", "Admin\Admin.csproj", "{93862294-202D-4E15-BF8A-1544E5EFB69E}"
EndProject
Project("{FAE04EC0-301F-11D3-BF4B-00C04F79EFBC}") = "Admin.Common", "Admin.Common\Admin.Common.csproj", "{66AC0582-CF64-4C73-9EC2-2B2575C08AA6}"
EndProject
Global
	GlobalSection(SolutionConfigurationPlatforms) = preSolution
		Debug|Any CPU = Debug|Any CPU
		Release|Any CPU = Release|Any CPU
	EndGlobalSection
	GlobalSection(ProjectConfigurationPlatforms) = postSolution
		{93862294-202D-4E15-BF8A-1544E5EFB69E}.Debug|Any CPU.ActiveCfg = Debug|Any CPU
		{93862294-202D-4E15-BF8A-1544E5EFB69E}.Debug|Any CPU.Build.0 = Debug|Any CPU
		{93862294-202D-4E15-BF8A-1544E5EFB69E}.Release|Any CPU.ActiveCfg = Release|Any CPU
		{93862294-202D-4E15-BF8A-1544E5EFB69E}.Release|Any CPU.Build.0 = Release|Any CPU
		{66AC0582-CF64-4C73-9EC2-2B2575C08AA6}.Debug|Any CPU.ActiveCfg = Debug|Any CPU
		{66AC0582-CF64-4C73-9EC2-2B2575C08AA6}.Debug|Any CPU.Build.0 = Debug|Any CPU
		{66AC0582-CF64-4C73-9EC2-2B2575C08AA6}.Release|Any CPU.ActiveCfg = Release|Any CPU
		{66AC0582-CF64-4C73-9EC2-2B2575C08AA6}.Release|Any CPU.Build.0 = Release|Any CPU
	EndGlobalSection
	GlobalSection(SolutionProperties) = preSolution
		HideSolutionNode = FALSE
	EndGlobalSection
	GlobalSection(ExtensibilityGlobals) = postSolution
		SolutionGuid = {E9BD0364-098E-4470-87E7-137C6E1EB8D7}
	EndGlobalSection
EndGlobal
